
Microsoft Visual Studio Solution File, Format Version 12.00
# Visual Studio Version 16
VisualStudioVersion = 16.0.29609.76
MinimumVisualStudioVersion = 10.0.40219.1
Project("{9A19103F-16F7-4668-BE54-9A1E7A4F7556}") = "AdventOfCode", "2019\AdventOfCode\AdventOfCode.csproj", "{4E946720-F25E-42D6-AFC5-3433FD9E4CAB}"
EndProject
Project("{9A19103F-16F7-4668-BE54-9A1E7A4F7556}") = "AdventOfCode.Tests", "2019\AdvenOfCode.Tests\AdventOfCode.Tests.csproj", "{39917B28-CEA3-46D5-8D65-6556409D484D}"
EndProject
Project("{2150E333-8FDC-42A3-9474-1A3956D46DE8}") = "2019", "2019", "{180725FE-C3C6-4A80-8C3B-0642074C4ED0}"
EndProject
Project("{2150E333-8FDC-42A3-9474-1A3956D46DE8}") = "2020", "2020", "{80F78770-8EAC-4835-A8DD-8856B9E15C2C}"
EndProject
Project("{FAE04EC0-301F-11D3-BF4B-00C04F79EFBC}") = "AdventOfCode.2020", "2020\AdventOfCode.2020\AdventOfCode.2020.csproj", "{4256EFE8-9BBA-4967-80A9-B53DF2CE5F84}"
EndProject
Project("{FAE04EC0-301F-11D3-BF4B-00C04F79EFBC}") = "AdventOfCode.2020.Tests", "2020\AdventOfCode.2020.Tests\AdventOfCode.2020.Tests.csproj", "{DD2EF5D9-222E-466D-A36B-5BCA3A4031B3}"
EndProject
Global
	GlobalSection(SolutionConfigurationPlatforms) = preSolution
		Debug|Any CPU = Debug|Any CPU
		Release|Any CPU = Release|Any CPU
	EndGlobalSection
	GlobalSection(ProjectConfigurationPlatforms) = postSolution
		{4E946720-F25E-42D6-AFC5-3433FD9E4CAB}.Debug|Any CPU.ActiveCfg = Debug|Any CPU
		{4E946720-F25E-42D6-AFC5-3433FD9E4CAB}.Debug|Any CPU.Build.0 = Debug|Any CPU
		{4E946720-F25E-42D6-AFC5-3433FD9E4CAB}.Release|Any CPU.ActiveCfg = Release|Any CPU
		{4E946720-F25E-42D6-AFC5-3433FD9E4CAB}.Release|Any CPU.Build.0 = Release|Any CPU
		{39917B28-CEA3-46D5-8D65-6556409D484D}.Debug|Any CPU.ActiveCfg = Debug|Any CPU
		{39917B28-CEA3-46D5-8D65-6556409D484D}.Debug|Any CPU.Build.0 = Debug|Any CPU
		{39917B28-CEA3-46D5-8D65-6556409D484D}.Release|Any CPU.ActiveCfg = Release|Any CPU
		{39917B28-CEA3-46D5-8D65-6556409D484D}.Release|Any CPU.Build.0 = Release|Any CPU
		{4256EFE8-9BBA-4967-80A9-B53DF2CE5F84}.Debug|Any CPU.ActiveCfg = Debug|Any CPU
		{4256EFE8-9BBA-4967-80A9-B53DF2CE5F84}.Debug|Any CPU.Build.0 = Debug|Any CPU
		{4256EFE8-9BBA-4967-80A9-B53DF2CE5F84}.Release|Any CPU.ActiveCfg = Release|Any CPU
		{4256EFE8-9BBA-4967-80A9-B53DF2CE5F84}.Release|Any CPU.Build.0 = Release|Any CPU
		{DD2EF5D9-222E-466D-A36B-5BCA3A4031B3}.Debug|Any CPU.ActiveCfg = Debug|Any CPU
		{DD2EF5D9-222E-466D-A36B-5BCA3A4031B3}.Debug|Any CPU.Build.0 = Debug|Any CPU
		{DD2EF5D9-222E-466D-A36B-5BCA3A4031B3}.Release|Any CPU.ActiveCfg = Release|Any CPU
		{DD2EF5D9-222E-466D-A36B-5BCA3A4031B3}.Release|Any CPU.Build.0 = Release|Any CPU
	EndGlobalSection
	GlobalSection(SolutionProperties) = preSolution
		HideSolutionNode = FALSE
	EndGlobalSection
	GlobalSection(NestedProjects) = preSolution
		{4E946720-F25E-42D6-AFC5-3433FD9E4CAB} = {180725FE-C3C6-4A80-8C3B-0642074C4ED0}
		{39917B28-CEA3-46D5-8D65-6556409D484D} = {180725FE-C3C6-4A80-8C3B-0642074C4ED0}
		{4256EFE8-9BBA-4967-80A9-B53DF2CE5F84} = {80F78770-8EAC-4835-A8DD-8856B9E15C2C}
		{DD2EF5D9-222E-466D-A36B-5BCA3A4031B3} = {80F78770-8EAC-4835-A8DD-8856B9E15C2C}
	EndGlobalSection
	GlobalSection(ExtensibilityGlobals) = postSolution
		SolutionGuid = {988FCB98-341D-41ED-90E2-E8183D7C1B2E}
	EndGlobalSection
EndGlobal
